
Microsoft Visual Studio Solution File, Format Version 12.00
# Visual Studio Version 17
VisualStudioVersion = 17.4.33205.214
MinimumVisualStudioVersion = 10.0.40219.1
Project("{8BC9CEB8-8B4A-11D0-8D11-00A0C91BC942}") = "Project1", "Project1\Project1.vcxproj", "{AFB61B6C-FE99-44A6-87A5-F717E2CBC01D}"
EndProject
Global
	GlobalSection(SolutionConfigurationPlatforms) = preSolution
		Debug|x64 = Debug|x64
		Debug|x86 = Debug|x86
		Release|x64 = Release|x64
		Release|x86 = Release|x86
	EndGlobalSection
	GlobalSection(ProjectConfigurationPlatforms) = postSolution
		{AFB61B6C-FE99-44A6-87A5-F717E2CBC01D}.Debug|x64.ActiveCfg = Debug|x64
		{AFB61B6C-FE99-44A6-87A5-F717E2CBC01D}.Debug|x64.Build.0 = Debug|x64
		{AFB61B6C-FE99-44A6-87A5-F717E2CBC01D}.Debug|x86.ActiveCfg = Debug|Win32
		{AFB61B6C-FE99-44A6-87A5-F717E2CBC01D}.Debug|x86.Build.0 = Debug|Win32
		{AFB61B6C-FE99-44A6-87A5-F717E2CBC01D}.Release|x64.ActiveCfg = Release|x64
		{AFB61B6C-FE99-44A6-87A5-F717E2CBC01D}.Release|x64.Build.0 = Release|x64
		{AFB61B6C-FE99-44A6-87A5-F717E2CBC01D}.Release|x86.ActiveCfg = Release|Win32
		{AFB61B6C-FE99-44A6-87A5-F717E2CBC01D}.Release|x86.Build.0 = Release|Win32
	EndGlobalSection
	GlobalSection(SolutionProperties) = preSolution
		HideSolutionNode = FALSE
	EndGlobalSection
	GlobalSection(ExtensibilityGlobals) = postSolution
		SolutionGuid = {0BA3F40D-D74B-4257-8032-83DF26CE1A46}
	EndGlobalSection
EndGlobal
